
Microsoft Visual Studio Solution File, Format Version 12.00
# Visual Studio 15
VisualStudioVersion = 15.0.28307.136
MinimumVisualStudioVersion = 10.0.40219.1
Project("{FAE04EC0-301F-11D3-BF4B-00C04F79EFBC}") = "AdmontLibraryMgr", "AdmontLibraryMgr\AdmontLibraryMgr.csproj", "{42062177-79F3-4EC9-97C9-54A396A6DBFB}"
EndProject
Global
	GlobalSection(SolutionConfigurationPlatforms) = preSolution
		Debug|Any CPU = Debug|Any CPU
		Release|Any CPU = Release|Any CPU
	EndGlobalSection
	GlobalSection(ProjectConfigurationPlatforms) = postSolution
		{42062177-79F3-4EC9-97C9-54A396A6DBFB}.Debug|Any CPU.ActiveCfg = Debug|Any CPU
		{42062177-79F3-4EC9-97C9-54A396A6DBFB}.Debug|Any CPU.Build.0 = Debug|Any CPU
		{42062177-79F3-4EC9-97C9-54A396A6DBFB}.Release|Any CPU.ActiveCfg = Release|Any CPU
		{42062177-79F3-4EC9-97C9-54A396A6DBFB}.Release|Any CPU.Build.0 = Release|Any CPU
	EndGlobalSection
	GlobalSection(SolutionProperties) = preSolution
		HideSolutionNode = FALSE
	EndGlobalSection
	GlobalSection(ExtensibilityGlobals) = postSolution
		SolutionGuid = {0ECF4F54-1E67-47C2-B489-3E0DEAA67B1E}
	EndGlobalSection
EndGlobal
